
Microsoft Visual Studio Solution File, Format Version 12.00
# Visual Studio Version 16
VisualStudioVersion = 16.0.30413.136
MinimumVisualStudioVersion = 10.0.40219.1
Project("{9A19103F-16F7-4668-BE54-9A1E7A4F7556}") = "Frog", "Frog\Frog.csproj", "{558E6CA1-EFEC-4086-8653-8A3875B648D5}"
EndProject
Project("{FAE04EC0-301F-11D3-BF4B-00C04F79EFBC}") = "UnitTest", "UnitTest\UnitTest.csproj", "{4A03636E-FE74-499A-BB95-CC2D2CE3B6FF}"
EndProject
Global
	GlobalSection(SolutionConfigurationPlatforms) = preSolution
		Debug|Any CPU = Debug|Any CPU
		Release|Any CPU = Release|Any CPU
	EndGlobalSection
	GlobalSection(ProjectConfigurationPlatforms) = postSolution
		{558E6CA1-EFEC-4086-8653-8A3875B648D5}.Debug|Any CPU.ActiveCfg = Debug|Any CPU
		{558E6CA1-EFEC-4086-8653-8A3875B648D5}.Debug|Any CPU.Build.0 = Debug|Any CPU
		{558E6CA1-EFEC-4086-8653-8A3875B648D5}.Release|Any CPU.ActiveCfg = Release|Any CPU
		{558E6CA1-EFEC-4086-8653-8A3875B648D5}.Release|Any CPU.Build.0 = Release|Any CPU
		{4A03636E-FE74-499A-BB95-CC2D2CE3B6FF}.Debug|Any CPU.ActiveCfg = Debug|Any CPU
		{4A03636E-FE74-499A-BB95-CC2D2CE3B6FF}.Debug|Any CPU.Build.0 = Debug|Any CPU
		{4A03636E-FE74-499A-BB95-CC2D2CE3B6FF}.Release|Any CPU.ActiveCfg = Release|Any CPU
		{4A03636E-FE74-499A-BB95-CC2D2CE3B6FF}.Release|Any CPU.Build.0 = Release|Any CPU
	EndGlobalSection
	GlobalSection(SolutionProperties) = preSolution
		HideSolutionNode = FALSE
	EndGlobalSection
	GlobalSection(ExtensibilityGlobals) = postSolution
		SolutionGuid = {68378D27-8BB6-4F3C-8FE0-E58BD2FC7B94}
	EndGlobalSection
EndGlobal
