
Microsoft Visual Studio Solution File, Format Version 12.00
# Visual Studio Version 16
VisualStudioVersion = 16.0.31205.134
MinimumVisualStudioVersion = 10.0.40219.1
Project("{9A19103F-16F7-4668-BE54-9A1E7A4F7556}") = "UnitTest", "UnitTest\UnitTest.csproj", "{DC6BA276-4E70-4593-AEC9-0645E79433D1}"
EndProject
Project("{9A19103F-16F7-4668-BE54-9A1E7A4F7556}") = "PasiniProject", "PasiniProject\PasiniProject.csproj", "{C888FBDC-7446-4E5B-98E8-CCB2D902FA8E}"
EndProject
Global
	GlobalSection(SolutionConfigurationPlatforms) = preSolution
		Debug|Any CPU = Debug|Any CPU
		Release|Any CPU = Release|Any CPU
	EndGlobalSection
	GlobalSection(ProjectConfigurationPlatforms) = postSolution
		{DC6BA276-4E70-4593-AEC9-0645E79433D1}.Debug|Any CPU.ActiveCfg = Debug|Any CPU
		{DC6BA276-4E70-4593-AEC9-0645E79433D1}.Debug|Any CPU.Build.0 = Debug|Any CPU
		{DC6BA276-4E70-4593-AEC9-0645E79433D1}.Release|Any CPU.ActiveCfg = Release|Any CPU
		{DC6BA276-4E70-4593-AEC9-0645E79433D1}.Release|Any CPU.Build.0 = Release|Any CPU
		{C888FBDC-7446-4E5B-98E8-CCB2D902FA8E}.Debug|Any CPU.ActiveCfg = Debug|Any CPU
		{C888FBDC-7446-4E5B-98E8-CCB2D902FA8E}.Debug|Any CPU.Build.0 = Debug|Any CPU
		{C888FBDC-7446-4E5B-98E8-CCB2D902FA8E}.Release|Any CPU.ActiveCfg = Release|Any CPU
		{C888FBDC-7446-4E5B-98E8-CCB2D902FA8E}.Release|Any CPU.Build.0 = Release|Any CPU
	EndGlobalSection
	GlobalSection(SolutionProperties) = preSolution
		HideSolutionNode = FALSE
	EndGlobalSection
	GlobalSection(ExtensibilityGlobals) = postSolution
		SolutionGuid = {C66EC9CF-17CE-445A-955C-031FCDC6EC69}
	EndGlobalSection
EndGlobal
